
Microsoft Visual Studio Solution File, Format Version 12.00
# Visual Studio Version 16
VisualStudioVersion = 16.0.31005.135
MinimumVisualStudioVersion = 10.0.40219.1
Project("{FAE04EC0-301F-11D3-BF4B-00C04F79EFBC}") = "CodingTest.Web", "CodingTest.Web\CodingTest.Web.csproj", "{A2C9ED62-6271-4571-B9AA-3AD2EF273CB2}"
EndProject
Project("{FAE04EC0-301F-11D3-BF4B-00C04F79EFBC}") = "CodingTest.Common", "CodingTest.Contracts\CodingTest.Common.csproj", "{EF304237-BD97-44F3-AA00-7E99DEE82DDE}"
EndProject
Project("{FAE04EC0-301F-11D3-BF4B-00C04F79EFBC}") = "CodingTest.Tests", "CodingTest.Tests\CodingTest.Tests.csproj", "{1550C486-5C9E-4B8B-973B-94D4633D4C34}"
EndProject
Global
	GlobalSection(SolutionConfigurationPlatforms) = preSolution
		Debug|Any CPU = Debug|Any CPU
		Release|Any CPU = Release|Any CPU
	EndGlobalSection
	GlobalSection(ProjectConfigurationPlatforms) = postSolution
		{A2C9ED62-6271-4571-B9AA-3AD2EF273CB2}.Debug|Any CPU.ActiveCfg = Debug|Any CPU
		{A2C9ED62-6271-4571-B9AA-3AD2EF273CB2}.Debug|Any CPU.Build.0 = Debug|Any CPU
		{A2C9ED62-6271-4571-B9AA-3AD2EF273CB2}.Release|Any CPU.ActiveCfg = Release|Any CPU
		{A2C9ED62-6271-4571-B9AA-3AD2EF273CB2}.Release|Any CPU.Build.0 = Release|Any CPU
		{EF304237-BD97-44F3-AA00-7E99DEE82DDE}.Debug|Any CPU.ActiveCfg = Debug|Any CPU
		{EF304237-BD97-44F3-AA00-7E99DEE82DDE}.Debug|Any CPU.Build.0 = Debug|Any CPU
		{EF304237-BD97-44F3-AA00-7E99DEE82DDE}.Release|Any CPU.ActiveCfg = Release|Any CPU
		{EF304237-BD97-44F3-AA00-7E99DEE82DDE}.Release|Any CPU.Build.0 = Release|Any CPU
		{1550C486-5C9E-4B8B-973B-94D4633D4C34}.Debug|Any CPU.ActiveCfg = Debug|Any CPU
		{1550C486-5C9E-4B8B-973B-94D4633D4C34}.Debug|Any CPU.Build.0 = Debug|Any CPU
		{1550C486-5C9E-4B8B-973B-94D4633D4C34}.Release|Any CPU.ActiveCfg = Release|Any CPU
		{1550C486-5C9E-4B8B-973B-94D4633D4C34}.Release|Any CPU.Build.0 = Release|Any CPU
	EndGlobalSection
	GlobalSection(SolutionProperties) = preSolution
		HideSolutionNode = FALSE
	EndGlobalSection
	GlobalSection(ExtensibilityGlobals) = postSolution
		SolutionGuid = {E5A51C44-AB46-4581-A1E6-B8CDBEDD672C}
	EndGlobalSection
EndGlobal
